<?xml version="1.0" encoding="utf-8"?>
<Project ToolsVersion="4.0" xmlns="http://schemas.microsoft.com/developer/msbuild/2003">
  <ItemGroup>
    <Filter Include="Archivos de origen">
      <UniqueIdentifier>{4FC737F1-C7A5-4376-A066-2A32D752A2FF}</UniqueIdentifier>
      <Extensions>cpp;c;cc;cxx;c++;cppm;ixx;def;odl;idl;hpj;bat;asm;asmx</Extensions>
    </Filter>
    <Filter Include="Archivos de encabezado">
      <UniqueIdentifier>{93995380-89BD-4b04-88EB-625FBE52EBFB}</UniqueIdentifier>
      <Extensions>h;hh;hpp;hxx;h++;hm;inl;inc;ipp;xsd</Extensions>
    </Filter>
    <Filter Include="Archivos de recursos">
      <UniqueIdentifier>{67DA6AB6-F800-4c08-8B7A-83BB121AAD01}</UniqueIdentifier>
      <Extensions>rc;ico;cur;bmp;dlg;rc2;rct;bin;rgs;gif;jpg;jpeg;jpe;resx;tiff;tif;png;wav;mfcribbon-ms</Extensions>
    </Filter>
    <Filter Include="Archivos de encabezado\Enemies">
      <UniqueIdentifier>{da03ee43-121f-4d61-b3e8-2609c0eacfeb}</UniqueIdentifier>
    </Filter>
    <Filter Include="Archivos de origen\Enemies">
      <UniqueIdentifier>{679526d5-c347-4224-98fc-82d98943f890}</UniqueIdentifier>
    </Filter>
    <Filter Include="Archivos de origen\Objects">
      <UniqueIdentifier>{1900e817-4585-4d2f-9379-e43176136ed8}</UniqueIdentifier>
    </Filter>
    <Filter Include="Archivos de encabezado\Objects">
      <UniqueIdentifier>{ceeb8e51-48d2-4db0-8e41-76e7a69530fb}</UniqueIdentifier>
    </Filter>
    <Filter Include="Archivos de origen\Layers">
      <UniqueIdentifier>{f39c11af-5700-4a72-9633-659c17c90a59}</UniqueIdentifier>
    </Filter>
    <Filter Include="Archivos de encabezado\Layers">
      <UniqueIdentifier>{28a803a0-563e-4ee5-86d2-813b33866426}</UniqueIdentifier>
    </Filter>
  </ItemGroup>
  <ItemGroup>
    <ClCompile Include="Actor.cpp">
      <Filter>Archivos de origen</Filter>
    </ClCompile>
    <ClCompile Include="Animation.cpp">
      <Filter>Archivos de origen</Filter>
    </ClCompile>
    <ClCompile Include="Audio.cpp">
      <Filter>Archivos de origen</Filter>
    </ClCompile>
    <ClCompile Include="Background.cpp">
      <Filter>Archivos de origen</Filter>
    </ClCompile>
    <ClCompile Include="Game.cpp">
      <Filter>Archivos de origen</Filter>
    </ClCompile>
    <ClCompile Include="Main.cpp">
      <Filter>Archivos de origen</Filter>
    </ClCompile>
    <ClCompile Include="Player.cpp">
      <Filter>Archivos de origen</Filter>
    </ClCompile>
    <ClCompile Include="Space.cpp">
      <Filter>Archivos de origen</Filter>
    </ClCompile>
    <ClCompile Include="Text.cpp">
      <Filter>Archivos de origen</Filter>
    </ClCompile>
    <ClCompile Include="Tile.cpp">
      <Filter>Archivos de origen</Filter>
    </ClCompile>
    <ClCompile Include="Door.cpp">
      <Filter>Archivos de origen</Filter>
    </ClCompile>
    <ClCompile Include="Explosion.cpp">
      <Filter>Archivos de origen</Filter>
    </ClCompile>
    <ClCompile Include="BackDoor.cpp">
      <Filter>Archivos de origen</Filter>
    </ClCompile>
    <ClCompile Include="EnemyChase.cpp">
      <Filter>Archivos de origen\Enemies</Filter>
    </ClCompile>
    <ClCompile Include="Enemy.cpp">
      <Filter>Archivos de origen\Enemies</Filter>
    </ClCompile>
    <ClCompile Include="EnemyShooter.cpp">
      <Filter>Archivos de origen\Enemies</Filter>
    </ClCompile>
    <ClCompile Include="Key.cpp">
      <Filter>Archivos de origen\Objects</Filter>
    </ClCompile>
    <ClCompile Include="KeyRock.cpp">
      <Filter>Archivos de origen\Objects</Filter>
    </ClCompile>
    <ClCompile Include="Projectile.cpp">
      <Filter>Archivos de origen\Objects</Filter>
    </ClCompile>
    <ClCompile Include="ProjectileEnemy.cpp">
      <Filter>Archivos de origen\Objects</Filter>
    </ClCompile>
    <ClCompile Include="Rock.cpp">
      <Filter>Archivos de origen\Objects</Filter>
    </ClCompile>
    <ClCompile Include="Bomb.cpp">
      <Filter>Archivos de origen\Objects</Filter>
    </ClCompile>
    <ClCompile Include="GameLayer.cpp">
      <Filter>Archivos de origen\Layers</Filter>
    </ClCompile>
    <ClCompile Include="Layer.cpp">
      <Filter>Archivos de origen\Layers</Filter>
    </ClCompile>
    <ClCompile Include="Heart.cpp">
      <Filter>Archivos de origen\Objects</Filter>
    </ClCompile>
    <ClCompile Include="Boss.cpp">
      <Filter>Archivos de origen\Enemies</Filter>
    </ClCompile>
  </ItemGroup>
  <ItemGroup>
    <ClInclude Include="Actor.h">
      <Filter>Archivos de encabezado</Filter>
    </ClInclude>
    <ClInclude Include="Animation.h">
      <Filter>Archivos de encabezado</Filter>
    </ClInclude>
    <ClInclude Include="Audio.h">
      <Filter>Archivos de encabezado</Filter>
    </ClInclude>
    <ClInclude Include="Background.h">
      <Filter>Archivos de encabezado</Filter>
    </ClInclude>
    <ClInclude Include="Game.h">
      <Filter>Archivos de encabezado</Filter>
    </ClInclude>
    <ClInclude Include="Player.h">
      <Filter>Archivos de encabezado</Filter>
    </ClInclude>
    <ClInclude Include="Space.h">
      <Filter>Archivos de encabezado</Filter>
    </ClInclude>
    <ClInclude Include="Text.h">
      <Filter>Archivos de encabezado</Filter>
    </ClInclude>
    <ClInclude Include="Tile.h">
      <Filter>Archivos de encabezado</Filter>
    </ClInclude>
    <ClInclude Include="Door.h">
      <Filter>Archivos de encabezado</Filter>
    </ClInclude>
    <ClInclude Include="Explosion.h">
      <Filter>Archivos de encabezado</Filter>
    </ClInclude>
    <ClInclude Include="BackDoor.h">
      <Filter>Archivos de encabezado</Filter>
    </ClInclude>
    <ClInclude Include="Enemy.h">
      <Filter>Archivos de encabezado\Enemies</Filter>
    </ClInclude>
    <ClInclude Include="EnemyChase.h">
      <Filter>Archivos de encabezado\Enemies</Filter>
    </ClInclude>
    <ClInclude Include="EnemyShooter.h">
      <Filter>Archivos de encabezado\Enemies</Filter>
    </ClInclude>
    <ClInclude Include="Bomb.h">
      <Filter>Archivos de encabezado\Objects</Filter>
    </ClInclude>
    <ClInclude Include="Key.h">
      <Filter>Archivos de encabezado\Objects</Filter>
    </ClInclude>
    <ClInclude Include="KeyRock.h">
      <Filter>Archivos de encabezado\Objects</Filter>
    </ClInclude>
    <ClInclude Include="Rock.h">
      <Filter>Archivos de encabezado\Objects</Filter>
    </ClInclude>
    <ClInclude Include="Projectile.h">
      <Filter>Archivos de encabezado\Objects</Filter>
    </ClInclude>
    <ClInclude Include="ProjectileEnemy.h">
      <Filter>Archivos de encabezado\Objects</Filter>
    </ClInclude>
    <ClInclude Include="GameLayer.h">
      <Filter>Archivos de encabezado\Layers</Filter>
    </ClInclude>
    <ClInclude Include="Layer.h">
      <Filter>Archivos de encabezado\Layers</Filter>
    </ClInclude>
    <ClInclude Include="Heart.h">
      <Filter>Archivos de encabezado\Objects</Filter>
    </ClInclude>
    <ClInclude Include="Boss.h">
      <Filter>Archivos de encabezado\Enemies</Filter>
    </ClInclude>
  </ItemGroup>
</Project>